
Microsoft Visual Studio Solution File, Format Version 12.00
# Visual Studio Version 16
VisualStudioVersion = 16.0.30011.22
MinimumVisualStudioVersion = 10.0.40219.1
Project("{FAE04EC0-301F-11D3-BF4B-00C04F79EFBC}") = "DeepfryBox", "DeepfryBox\DeepfryBox.csproj", "{3BC6CF7F-85CF-4D67-BC72-32E866B2776E}"
EndProject
Global
	GlobalSection(SolutionConfigurationPlatforms) = preSolution
		Debug|Any CPU = Debug|Any CPU
		Release|Any CPU = Release|Any CPU
	EndGlobalSection
	GlobalSection(ProjectConfigurationPlatforms) = postSolution
		{3BC6CF7F-85CF-4D67-BC72-32E866B2776E}.Debug|Any CPU.ActiveCfg = Debug|Any CPU
		{3BC6CF7F-85CF-4D67-BC72-32E866B2776E}.Debug|Any CPU.Build.0 = Debug|Any CPU
		{3BC6CF7F-85CF-4D67-BC72-32E866B2776E}.Release|Any CPU.ActiveCfg = Release|Any CPU
		{3BC6CF7F-85CF-4D67-BC72-32E866B2776E}.Release|Any CPU.Build.0 = Release|Any CPU
	EndGlobalSection
	GlobalSection(SolutionProperties) = preSolution
		HideSolutionNode = FALSE
	EndGlobalSection
	GlobalSection(ExtensibilityGlobals) = postSolution
		SolutionGuid = {D86B213C-AE38-4B1B-9998-E3203728923F}
	EndGlobalSection
EndGlobal
